
Microsoft Visual Studio Solution File, Format Version 12.00
# Visual Studio Version 17
VisualStudioVersion = 17.3.32901.215
MinimumVisualStudioVersion = 10.0.40219.1
Project("{FAE04EC0-301F-11D3-BF4B-00C04F79EFBC}") = "YTMCalcML.Core", "YTMCalcML.Core\YTMCalcML.Core.csproj", "{A376F496-8237-41D6-AB3F-4C8F4A0C8F75}"
EndProject
Project("{FAE04EC0-301F-11D3-BF4B-00C04F79EFBC}") = "YTMCalcML.TestClient", "YTMCalcML.TestClient\YTMCalcML.TestClient.csproj", "{F4DB6739-7901-4039-A87E-49EE3F5EB764}"
EndProject
Global
	GlobalSection(SolutionConfigurationPlatforms) = preSolution
		Debug|Any CPU = Debug|Any CPU
		Release|Any CPU = Release|Any CPU
	EndGlobalSection
	GlobalSection(ProjectConfigurationPlatforms) = postSolution
		{A376F496-8237-41D6-AB3F-4C8F4A0C8F75}.Debug|Any CPU.ActiveCfg = Debug|Any CPU
		{A376F496-8237-41D6-AB3F-4C8F4A0C8F75}.Debug|Any CPU.Build.0 = Debug|Any CPU
		{A376F496-8237-41D6-AB3F-4C8F4A0C8F75}.Release|Any CPU.ActiveCfg = Release|Any CPU
		{A376F496-8237-41D6-AB3F-4C8F4A0C8F75}.Release|Any CPU.Build.0 = Release|Any CPU
		{F4DB6739-7901-4039-A87E-49EE3F5EB764}.Debug|Any CPU.ActiveCfg = Debug|Any CPU
		{F4DB6739-7901-4039-A87E-49EE3F5EB764}.Debug|Any CPU.Build.0 = Debug|Any CPU
		{F4DB6739-7901-4039-A87E-49EE3F5EB764}.Release|Any CPU.ActiveCfg = Release|Any CPU
		{F4DB6739-7901-4039-A87E-49EE3F5EB764}.Release|Any CPU.Build.0 = Release|Any CPU
	EndGlobalSection
	GlobalSection(SolutionProperties) = preSolution
		HideSolutionNode = FALSE
	EndGlobalSection
	GlobalSection(ExtensibilityGlobals) = postSolution
		SolutionGuid = {E6191F7C-11C6-4A7A-9A7E-D8EC8975DECB}
	EndGlobalSection
EndGlobal
